
Microsoft Visual Studio Solution File, Format Version 12.00
# Visual Studio Version 17
VisualStudioVersion = 17.8.34112.27
MinimumVisualStudioVersion = 10.0.40219.1
Project("{FAE04EC0-301F-11D3-BF4B-00C04F79EFBC}") = "Sort Even Numbers", "Sort Even Numbers\Sort Even Numbers.csproj", "{A04BBC09-E30C-47B0-972D-3CD96C146DAB}"
EndProject
Project("{FAE04EC0-301F-11D3-BF4B-00C04F79EFBC}") = "Sum Numbers", "Sum Numbers\Sum Numbers.csproj", "{337D90B3-0850-45BE-AC80-CF85A94D905E}"
EndProject
Project("{FAE04EC0-301F-11D3-BF4B-00C04F79EFBC}") = "Count Uppercase Words", "Count Uppercase Words\Count Uppercase Words.csproj", "{ADBBBDDC-3861-4C75-B70B-9ED1AD1AFEC6}"
EndProject
Project("{FAE04EC0-301F-11D3-BF4B-00C04F79EFBC}") = "Add VAT", "Add VAT\Add VAT.csproj", "{2A21F456-8D92-48A4-86BB-1BC8A4DB0F4D}"
EndProject
Project("{FAE04EC0-301F-11D3-BF4B-00C04F79EFBC}") = "Filter By Age", "Filter By Age\Filter By Age.csproj", "{06E09883-6F8D-4E8E-BB23-97531253F8B8}"
EndProject
Global
	GlobalSection(SolutionConfigurationPlatforms) = preSolution
		Debug|Any CPU = Debug|Any CPU
		Release|Any CPU = Release|Any CPU
	EndGlobalSection
	GlobalSection(ProjectConfigurationPlatforms) = postSolution
		{A04BBC09-E30C-47B0-972D-3CD96C146DAB}.Debug|Any CPU.ActiveCfg = Debug|Any CPU
		{A04BBC09-E30C-47B0-972D-3CD96C146DAB}.Debug|Any CPU.Build.0 = Debug|Any CPU
		{A04BBC09-E30C-47B0-972D-3CD96C146DAB}.Release|Any CPU.ActiveCfg = Release|Any CPU
		{A04BBC09-E30C-47B0-972D-3CD96C146DAB}.Release|Any CPU.Build.0 = Release|Any CPU
		{337D90B3-0850-45BE-AC80-CF85A94D905E}.Debug|Any CPU.ActiveCfg = Debug|Any CPU
		{337D90B3-0850-45BE-AC80-CF85A94D905E}.Debug|Any CPU.Build.0 = Debug|Any CPU
		{337D90B3-0850-45BE-AC80-CF85A94D905E}.Release|Any CPU.ActiveCfg = Release|Any CPU
		{337D90B3-0850-45BE-AC80-CF85A94D905E}.Release|Any CPU.Build.0 = Release|Any CPU
		{ADBBBDDC-3861-4C75-B70B-9ED1AD1AFEC6}.Debug|Any CPU.ActiveCfg = Debug|Any CPU
		{ADBBBDDC-3861-4C75-B70B-9ED1AD1AFEC6}.Debug|Any CPU.Build.0 = Debug|Any CPU
		{ADBBBDDC-3861-4C75-B70B-9ED1AD1AFEC6}.Release|Any CPU.ActiveCfg = Release|Any CPU
		{ADBBBDDC-3861-4C75-B70B-9ED1AD1AFEC6}.Release|Any CPU.Build.0 = Release|Any CPU
		{2A21F456-8D92-48A4-86BB-1BC8A4DB0F4D}.Debug|Any CPU.ActiveCfg = Debug|Any CPU
		{2A21F456-8D92-48A4-86BB-1BC8A4DB0F4D}.Debug|Any CPU.Build.0 = Debug|Any CPU
		{2A21F456-8D92-48A4-86BB-1BC8A4DB0F4D}.Release|Any CPU.ActiveCfg = Release|Any CPU
		{2A21F456-8D92-48A4-86BB-1BC8A4DB0F4D}.Release|Any CPU.Build.0 = Release|Any CPU
		{06E09883-6F8D-4E8E-BB23-97531253F8B8}.Debug|Any CPU.ActiveCfg = Debug|Any CPU
		{06E09883-6F8D-4E8E-BB23-97531253F8B8}.Debug|Any CPU.Build.0 = Debug|Any CPU
		{06E09883-6F8D-4E8E-BB23-97531253F8B8}.Release|Any CPU.ActiveCfg = Release|Any CPU
		{06E09883-6F8D-4E8E-BB23-97531253F8B8}.Release|Any CPU.Build.0 = Release|Any CPU
	EndGlobalSection
	GlobalSection(SolutionProperties) = preSolution
		HideSolutionNode = FALSE
	EndGlobalSection
	GlobalSection(ExtensibilityGlobals) = postSolution
		SolutionGuid = {C6B24E52-50E7-42FF-8947-AC546B259B9F}
	EndGlobalSection
EndGlobal
